
Microsoft Visual Studio Solution File, Format Version 12.00
# Visual Studio 15
VisualStudioVersion = 15.0.28307.421
MinimumVisualStudioVersion = 10.0.40219.1
Project("{8BC9CEB8-8B4A-11D0-8D11-00A0C91BC942}") = "brotli", "thirdparty\brotli-v1.0.9\brotli.vcxproj", "{5CBB2A7D-E0F1-36B0-8424-FFFF8587174B}"
	ProjectSection(ProjectDependencies) = postProject
		{66B8FCF7-E586-3886-8D00-2FE6312FDB57} = {66B8FCF7-E586-3886-8D00-2FE6312FDB57}
		{CDCD181A-0599-3013-84E6-FE199BA1D9E5} = {CDCD181A-0599-3013-84E6-FE199BA1D9E5}
		{C6B47354-7CAF-3401-AFEC-BFB40DE51A8B} = {C6B47354-7CAF-3401-AFEC-BFB40DE51A8B}
	EndProjectSection
EndProject
Project("{8BC9CEB8-8B4A-11D0-8D11-00A0C91BC942}") = "brotlicommon", "thirdparty\brotli-v1.0.9\brotlicommon.vcxproj", "{11E26BDC-FFA6-3EE0-9B9F-1CC629E2DCEC}"
EndProject
Project("{8BC9CEB8-8B4A-11D0-8D11-00A0C91BC942}") = "brotlidec", "thirdparty\brotli-v1.0.9\brotlidec.vcxproj", "{B8053572-C475-3923-A6FB-EB78C49639FB}"
	ProjectSection(ProjectDependencies) = postProject
		{11E26BDC-FFA6-3EE0-9B9F-1CC629E2DCEC} = {11E26BDC-FFA6-3EE0-9B9F-1CC629E2DCEC}
	EndProjectSection
EndProject
Project("{8BC9CEB8-8B4A-11D0-8D11-00A0C91BC942}") = "brotlienc", "thirdparty\brotli-v1.0.9\brotlienc.vcxproj", "{24805E40-79A3-36F2-991C-E7B391350B46}"
	ProjectSection(ProjectDependencies) = postProject
		{11E26BDC-FFA6-3EE0-9B9F-1CC629E2DCEC} = {11E26BDC-FFA6-3EE0-9B9F-1CC629E2DCEC}
	EndProjectSection
EndProject
Project("{2150E333-8FDC-42A3-9474-1A3956D46DE8}") = "0_thirdparty", "0_thirdparty", "{E61DD99A-6A8F-4316-9F6D-FE251AB24AA4}"
EndProject
Project("{2150E333-8FDC-42A3-9474-1A3956D46DE8}") = "lib", "lib", "{6DEF6D2C-A8DE-4C3D-8D8F-F52DFADA742E}"
EndProject
Project("{2150E333-8FDC-42A3-9474-1A3956D46DE8}") = "dll", "dll", "{BF14E8E9-5DA9-4DD5-B1DA-D11063106DDD}"
EndProject
Project("{2150E333-8FDC-42A3-9474-1A3956D46DE8}") = "1_exe", "1_exe", "{5076F615-E739-4EB2-B683-1DCD8D67D460}"
EndProject
Project("{8BC9CEB8-8B4A-11D0-8D11-00A0C91BC942}") = "libbrotlicommon", "thirdparty\brotli-v1.0.9\libbrotlicommon.vcxproj", "{66B8FCF7-E586-3886-8D00-2FE6312FDB57}"
EndProject
Project("{8BC9CEB8-8B4A-11D0-8D11-00A0C91BC942}") = "libbrotlidec", "thirdparty\brotli-v1.0.9\libbrotlidec.vcxproj", "{CDCD181A-0599-3013-84E6-FE199BA1D9E5}"
EndProject
Project("{8BC9CEB8-8B4A-11D0-8D11-00A0C91BC942}") = "libbrotlienc", "thirdparty\brotli-v1.0.9\libbrotlienc.vcxproj", "{C6B47354-7CAF-3401-AFEC-BFB40DE51A8B}"
EndProject
Global
	GlobalSection(SolutionConfigurationPlatforms) = preSolution
		Debug|x64 = Debug|x64
		Release|x64 = Release|x64
	EndGlobalSection
	GlobalSection(ProjectConfigurationPlatforms) = postSolution
		{5CBB2A7D-E0F1-36B0-8424-FFFF8587174B}.Debug|x64.ActiveCfg = Debug|x64
		{5CBB2A7D-E0F1-36B0-8424-FFFF8587174B}.Debug|x64.Build.0 = Debug|x64
		{5CBB2A7D-E0F1-36B0-8424-FFFF8587174B}.Release|x64.ActiveCfg = Release|x64
		{5CBB2A7D-E0F1-36B0-8424-FFFF8587174B}.Release|x64.Build.0 = Release|x64
		{11E26BDC-FFA6-3EE0-9B9F-1CC629E2DCEC}.Debug|x64.ActiveCfg = Debug|x64
		{11E26BDC-FFA6-3EE0-9B9F-1CC629E2DCEC}.Debug|x64.Build.0 = Debug|x64
		{11E26BDC-FFA6-3EE0-9B9F-1CC629E2DCEC}.Release|x64.ActiveCfg = Release|x64
		{11E26BDC-FFA6-3EE0-9B9F-1CC629E2DCEC}.Release|x64.Build.0 = Release|x64
		{B8053572-C475-3923-A6FB-EB78C49639FB}.Debug|x64.ActiveCfg = Debug|x64
		{B8053572-C475-3923-A6FB-EB78C49639FB}.Debug|x64.Build.0 = Debug|x64
		{B8053572-C475-3923-A6FB-EB78C49639FB}.Release|x64.ActiveCfg = Release|x64
		{B8053572-C475-3923-A6FB-EB78C49639FB}.Release|x64.Build.0 = Release|x64
		{24805E40-79A3-36F2-991C-E7B391350B46}.Debug|x64.ActiveCfg = Debug|x64
		{24805E40-79A3-36F2-991C-E7B391350B46}.Debug|x64.Build.0 = Debug|x64
		{24805E40-79A3-36F2-991C-E7B391350B46}.Release|x64.ActiveCfg = Release|x64
		{24805E40-79A3-36F2-991C-E7B391350B46}.Release|x64.Build.0 = Release|x64
		{66B8FCF7-E586-3886-8D00-2FE6312FDB57}.Debug|x64.ActiveCfg = Debug|x64
		{66B8FCF7-E586-3886-8D00-2FE6312FDB57}.Debug|x64.Build.0 = Debug|x64
		{66B8FCF7-E586-3886-8D00-2FE6312FDB57}.Release|x64.ActiveCfg = Release|x64
		{66B8FCF7-E586-3886-8D00-2FE6312FDB57}.Release|x64.Build.0 = Release|x64
		{CDCD181A-0599-3013-84E6-FE199BA1D9E5}.Debug|x64.ActiveCfg = Debug|x64
		{CDCD181A-0599-3013-84E6-FE199BA1D9E5}.Debug|x64.Build.0 = Debug|x64
		{CDCD181A-0599-3013-84E6-FE199BA1D9E5}.Release|x64.ActiveCfg = Release|x64
		{CDCD181A-0599-3013-84E6-FE199BA1D9E5}.Release|x64.Build.0 = Release|x64
		{C6B47354-7CAF-3401-AFEC-BFB40DE51A8B}.Debug|x64.ActiveCfg = Debug|x64
		{C6B47354-7CAF-3401-AFEC-BFB40DE51A8B}.Debug|x64.Build.0 = Debug|x64
		{C6B47354-7CAF-3401-AFEC-BFB40DE51A8B}.Release|x64.ActiveCfg = Release|x64
		{C6B47354-7CAF-3401-AFEC-BFB40DE51A8B}.Release|x64.Build.0 = Release|x64
	EndGlobalSection
	GlobalSection(SolutionProperties) = preSolution
		HideSolutionNode = FALSE
	EndGlobalSection
	GlobalSection(NestedProjects) = preSolution
		{5CBB2A7D-E0F1-36B0-8424-FFFF8587174B} = {5076F615-E739-4EB2-B683-1DCD8D67D460}
		{11E26BDC-FFA6-3EE0-9B9F-1CC629E2DCEC} = {BF14E8E9-5DA9-4DD5-B1DA-D11063106DDD}
		{B8053572-C475-3923-A6FB-EB78C49639FB} = {BF14E8E9-5DA9-4DD5-B1DA-D11063106DDD}
		{24805E40-79A3-36F2-991C-E7B391350B46} = {BF14E8E9-5DA9-4DD5-B1DA-D11063106DDD}
		{6DEF6D2C-A8DE-4C3D-8D8F-F52DFADA742E} = {E61DD99A-6A8F-4316-9F6D-FE251AB24AA4}
		{BF14E8E9-5DA9-4DD5-B1DA-D11063106DDD} = {E61DD99A-6A8F-4316-9F6D-FE251AB24AA4}
		{66B8FCF7-E586-3886-8D00-2FE6312FDB57} = {6DEF6D2C-A8DE-4C3D-8D8F-F52DFADA742E}
		{CDCD181A-0599-3013-84E6-FE199BA1D9E5} = {6DEF6D2C-A8DE-4C3D-8D8F-F52DFADA742E}
		{C6B47354-7CAF-3401-AFEC-BFB40DE51A8B} = {6DEF6D2C-A8DE-4C3D-8D8F-F52DFADA742E}
	EndGlobalSection
	GlobalSection(ExtensibilityGlobals) = postSolution
		SolutionGuid = {A2BC17D9-E5B6-3BA0-81FA-8EAA38792FC8}
	EndGlobalSection
EndGlobal
